
Microsoft Visual Studio Solution File, Format Version 12.00
# Visual Studio Version 16
VisualStudioVersion = 16.0.31424.327
MinimumVisualStudioVersion = 10.0.40219.1
Project("{FAE04EC0-301F-11D3-BF4B-00C04F79EFBC}") = "BAI01", "BAI01\BAI01.csproj", "{9B5F1681-A93A-4738-A265-F6FA8CBF64F7}"
EndProject
Project("{FAE04EC0-301F-11D3-BF4B-00C04F79EFBC}") = "BAI02", "BAI02\BAI02.csproj", "{A20DDE68-2F90-45B6-AC3D-9C7D9CF7E530}"
EndProject
Project("{FAE04EC0-301F-11D3-BF4B-00C04F79EFBC}") = "BAI03", "BAI03\BAI03.csproj", "{AD94581B-362D-42D8-9C80-9385FC68FDF0}"
EndProject
Project("{FAE04EC0-301F-11D3-BF4B-00C04F79EFBC}") = "BAI04", "BAI04\BAI04.csproj", "{72F8E9D6-336D-4A98-BE8C-49B793C767C5}"
EndProject
Project("{FAE04EC0-301F-11D3-BF4B-00C04F79EFBC}") = "BAI05", "BAI05\BAI05.csproj", "{281A568F-5689-462E-8AA4-C6D44C7AFFB0}"
EndProject
Project("{FAE04EC0-301F-11D3-BF4B-00C04F79EFBC}") = "BAI06", "BAI06\BAI06.csproj", "{C610A0DC-01DA-4743-9238-3DD9A22A32B9}"
EndProject
Project("{FAE04EC0-301F-11D3-BF4B-00C04F79EFBC}") = "BAI07", "BAI07\BAI07.csproj", "{7C27A84C-56E1-481E-8A71-ABEE5BA01408}"
EndProject
Project("{FAE04EC0-301F-11D3-BF4B-00C04F79EFBC}") = "BAI08", "BAI08\BAI08.csproj", "{FBE835A2-48A5-4A98-8F9F-35FCFB4DED3B}"
EndProject
Global
	GlobalSection(SolutionConfigurationPlatforms) = preSolution
		Debug|Any CPU = Debug|Any CPU
		Release|Any CPU = Release|Any CPU
	EndGlobalSection
	GlobalSection(ProjectConfigurationPlatforms) = postSolution
		{9B5F1681-A93A-4738-A265-F6FA8CBF64F7}.Debug|Any CPU.ActiveCfg = Debug|Any CPU
		{9B5F1681-A93A-4738-A265-F6FA8CBF64F7}.Debug|Any CPU.Build.0 = Debug|Any CPU
		{9B5F1681-A93A-4738-A265-F6FA8CBF64F7}.Release|Any CPU.ActiveCfg = Release|Any CPU
		{9B5F1681-A93A-4738-A265-F6FA8CBF64F7}.Release|Any CPU.Build.0 = Release|Any CPU
		{A20DDE68-2F90-45B6-AC3D-9C7D9CF7E530}.Debug|Any CPU.ActiveCfg = Debug|Any CPU
		{A20DDE68-2F90-45B6-AC3D-9C7D9CF7E530}.Debug|Any CPU.Build.0 = Debug|Any CPU
		{A20DDE68-2F90-45B6-AC3D-9C7D9CF7E530}.Release|Any CPU.ActiveCfg = Release|Any CPU
		{A20DDE68-2F90-45B6-AC3D-9C7D9CF7E530}.Release|Any CPU.Build.0 = Release|Any CPU
		{AD94581B-362D-42D8-9C80-9385FC68FDF0}.Debug|Any CPU.ActiveCfg = Debug|Any CPU
		{AD94581B-362D-42D8-9C80-9385FC68FDF0}.Debug|Any CPU.Build.0 = Debug|Any CPU
		{AD94581B-362D-42D8-9C80-9385FC68FDF0}.Release|Any CPU.ActiveCfg = Release|Any CPU
		{AD94581B-362D-42D8-9C80-9385FC68FDF0}.Release|Any CPU.Build.0 = Release|Any CPU
		{72F8E9D6-336D-4A98-BE8C-49B793C767C5}.Debug|Any CPU.ActiveCfg = Debug|Any CPU
		{72F8E9D6-336D-4A98-BE8C-49B793C767C5}.Debug|Any CPU.Build.0 = Debug|Any CPU
		{72F8E9D6-336D-4A98-BE8C-49B793C767C5}.Release|Any CPU.ActiveCfg = Release|Any CPU
		{72F8E9D6-336D-4A98-BE8C-49B793C767C5}.Release|Any CPU.Build.0 = Release|Any CPU
		{281A568F-5689-462E-8AA4-C6D44C7AFFB0}.Debug|Any CPU.ActiveCfg = Debug|Any CPU
		{281A568F-5689-462E-8AA4-C6D44C7AFFB0}.Debug|Any CPU.Build.0 = Debug|Any CPU
		{281A568F-5689-462E-8AA4-C6D44C7AFFB0}.Release|Any CPU.ActiveCfg = Release|Any CPU
		{281A568F-5689-462E-8AA4-C6D44C7AFFB0}.Release|Any CPU.Build.0 = Release|Any CPU
		{C610A0DC-01DA-4743-9238-3DD9A22A32B9}.Debug|Any CPU.ActiveCfg = Debug|Any CPU
		{C610A0DC-01DA-4743-9238-3DD9A22A32B9}.Debug|Any CPU.Build.0 = Debug|Any CPU
		{C610A0DC-01DA-4743-9238-3DD9A22A32B9}.Release|Any CPU.ActiveCfg = Release|Any CPU
		{C610A0DC-01DA-4743-9238-3DD9A22A32B9}.Release|Any CPU.Build.0 = Release|Any CPU
		{7C27A84C-56E1-481E-8A71-ABEE5BA01408}.Debug|Any CPU.ActiveCfg = Debug|Any CPU
		{7C27A84C-56E1-481E-8A71-ABEE5BA01408}.Debug|Any CPU.Build.0 = Debug|Any CPU
		{7C27A84C-56E1-481E-8A71-ABEE5BA01408}.Release|Any CPU.ActiveCfg = Release|Any CPU
		{7C27A84C-56E1-481E-8A71-ABEE5BA01408}.Release|Any CPU.Build.0 = Release|Any CPU
		{FBE835A2-48A5-4A98-8F9F-35FCFB4DED3B}.Debug|Any CPU.ActiveCfg = Debug|Any CPU
		{FBE835A2-48A5-4A98-8F9F-35FCFB4DED3B}.Debug|Any CPU.Build.0 = Debug|Any CPU
		{FBE835A2-48A5-4A98-8F9F-35FCFB4DED3B}.Release|Any CPU.ActiveCfg = Release|Any CPU
		{FBE835A2-48A5-4A98-8F9F-35FCFB4DED3B}.Release|Any CPU.Build.0 = Release|Any CPU
	EndGlobalSection
	GlobalSection(SolutionProperties) = preSolution
		HideSolutionNode = FALSE
	EndGlobalSection
	GlobalSection(ExtensibilityGlobals) = postSolution
		SolutionGuid = {DB41E614-8B35-4C04-84A5-F783B24CD2C0}
	EndGlobalSection
EndGlobal
